
Microsoft Visual Studio Solution File, Format Version 12.00
# Visual Studio 15
VisualStudioVersion = 15.0.27428.2015
MinimumVisualStudioVersion = 10.0.40219.1
Project("{FAE04EC0-301F-11D3-BF4B-00C04F79EFBC}") = "Fall", "Fall\Fall.csproj", "{AFD40031-B289-4279-8B90-4847D75B4D1A}"
EndProject
Global
	GlobalSection(SolutionConfigurationPlatforms) = preSolution
		Debug|Any CPU = Debug|Any CPU
		Release|Any CPU = Release|Any CPU
	EndGlobalSection
	GlobalSection(ProjectConfigurationPlatforms) = postSolution
		{AFD40031-B289-4279-8B90-4847D75B4D1A}.Debug|Any CPU.ActiveCfg = Debug|Any CPU
		{AFD40031-B289-4279-8B90-4847D75B4D1A}.Debug|Any CPU.Build.0 = Debug|Any CPU
		{AFD40031-B289-4279-8B90-4847D75B4D1A}.Release|Any CPU.ActiveCfg = Release|Any CPU
		{AFD40031-B289-4279-8B90-4847D75B4D1A}.Release|Any CPU.Build.0 = Release|Any CPU
	EndGlobalSection
	GlobalSection(SolutionProperties) = preSolution
		HideSolutionNode = FALSE
	EndGlobalSection
	GlobalSection(ExtensibilityGlobals) = postSolution
		SolutionGuid = {698C369D-F8E6-4EC8-A331-EC2F504B20CF}
	EndGlobalSection
EndGlobal
